// !$*UTF8*$!
{
	archiveVersion = 1;
	classes = {
	};
	objectVersion = 56;
	objects = {

/* Begin PBXBuildFile section */
		390A9955295A043C00754FF5 /* TableViewSkeletonDiffableDataSource.swift in Sources */ = {isa = PBXBuildFile; fileRef = 390A9954295A043C00754FF5 /* TableViewSkeletonDiffableDataSource.swift */; };
		390A9958295A0A5C00754FF5 /* Ext+UITableView.swift in Sources */ = {isa = PBXBuildFile; fileRef = 390A9957295A0A5C00754FF5 /* Ext+UITableView.swift */; };
		390A9970295A253E00754FF5 /* ErrorView.swift in Sources */ = {isa = PBXBuildFile; fileRef = 390A996F295A253E00754FF5 /* ErrorView.swift */; };
		390A9974295AF69800754FF5 /* Coordinator.swift in Sources */ = {isa = PBXBuildFile; fileRef = 390A9973295AF69800754FF5 /* Coordinator.swift */; };
		390A9977295AFC7300754FF5 /* CoordinatorTests.swift in Sources */ = {isa = PBXBuildFile; fileRef = 390A9976295AFC7300754FF5 /* CoordinatorTests.swift */; };
		390A9979295B112500754FF5 /* Ext+RefreshController.swift in Sources */ = {isa = PBXBuildFile; fileRef = 390A9978295B112500754FF5 /* Ext+RefreshController.swift */; };
		390A997C295B121300754FF5 /* RefreshControllerExtenionTests.swift in Sources */ = {isa = PBXBuildFile; fileRef = 390A997B295B121300754FF5 /* RefreshControllerExtenionTests.swift */; };
		3913F52129562E2F0098B723 /* OwnerModelStub.swift in Sources */ = {isa = PBXBuildFile; fileRef = 3913F52029562E2F0098B723 /* OwnerModelStub.swift */; };
		3913F52329562ED50098B723 /* TrendingItemStub.swift in Sources */ = {isa = PBXBuildFile; fileRef = 3913F52229562ED50098B723 /* TrendingItemStub.swift */; };
		3913F52529562F8C0098B723 /* TrendingItemResultStub.swift in Sources */ = {isa = PBXBuildFile; fileRef = 3913F52429562F8C0098B723 /* TrendingItemResultStub.swift */; };
		3913F527295631C40098B723 /* APIServiceTests.swift in Sources */ = {isa = PBXBuildFile; fileRef = 3913F526295631C40098B723 /* APIServiceTests.swift */; };
		3913F529295635AA0098B723 /* APIService.swift in Sources */ = {isa = PBXBuildFile; fileRef = 3913F528295635AA0098B723 /* APIService.swift */; };
		3913F52C2956392E0098B723 /* MockAPIService.swift in Sources */ = {isa = PBXBuildFile; fileRef = 3913F52B2956392E0098B723 /* MockAPIService.swift */; };
		391F9AAC295320350033068F /* OwnerModelTests.swift in Sources */ = {isa = PBXBuildFile; fileRef = 391F9AAB295320350033068F /* OwnerModelTests.swift */; };
		391F9AAE295320EA0033068F /* OwnerModel.swift in Sources */ = {isa = PBXBuildFile; fileRef = 391F9AAD295320EA0033068F /* OwnerModel.swift */; };
		392BAB5E295212560043F668 /* AppDelegate.swift in Sources */ = {isa = PBXBuildFile; fileRef = 392BAB5D295212560043F668 /* AppDelegate.swift */; };
		392BAB60295212560043F668 /* SceneDelegate.swift in Sources */ = {isa = PBXBuildFile; fileRef = 392BAB5F295212560043F668 /* SceneDelegate.swift */; };
		392BAB67295212580043F668 /* Assets.xcassets in Resources */ = {isa = PBXBuildFile; fileRef = 392BAB66295212580043F668 /* Assets.xcassets */; };
		392BAB6A295212580043F668 /* LaunchScreen.storyboard in Resources */ = {isa = PBXBuildFile; fileRef = 392BAB68295212580043F668 /* LaunchScreen.storyboard */; };
		392BAB902952163F0043F668 /* Lottie in Frameworks */ = {isa = PBXBuildFile; productRef = 392BAB8F2952163F0043F668 /* Lottie */; };
		392BAB93295216950043F668 /* SkeletonView in Frameworks */ = {isa = PBXBuildFile; productRef = 392BAB92295216950043F668 /* SkeletonView */; };
		392BAB962952172B0043F668 /* Kingfisher in Frameworks */ = {isa = PBXBuildFile; productRef = 392BAB952952172B0043F668 /* Kingfisher */; };
		392BABA3295222C40043F668 /* networkError_lottie.json in Resources */ = {isa = PBXBuildFile; fileRef = 392BABA2295222C30043F668 /* networkError_lottie.json */; };
		3972A0F329546F3200B02E74 /* TrendingItemResultTests.swift in Sources */ = {isa = PBXBuildFile; fileRef = 3972A0F229546F3200B02E74 /* TrendingItemResultTests.swift */; };
		3972A0F529546FD300B02E74 /* TrendingItemResult.swift in Sources */ = {isa = PBXBuildFile; fileRef = 3972A0F429546FD300B02E74 /* TrendingItemResult.swift */; };
		3972A1BC2954932100B02E74 /* RequestBuilder.swift in Sources */ = {isa = PBXBuildFile; fileRef = 3972A1BB2954932100B02E74 /* RequestBuilder.swift */; };
		3972A1BE2954961500B02E74 /* RequestType.swift in Sources */ = {isa = PBXBuildFile; fileRef = 3972A1BD2954961500B02E74 /* RequestType.swift */; };
		3972A1C229549A0D00B02E74 /* RequestStub.swift in Sources */ = {isa = PBXBuildFile; fileRef = 3972A1C129549A0D00B02E74 /* RequestStub.swift */; };
		3972A1C429549B5E00B02E74 /* RequestTests.swift in Sources */ = {isa = PBXBuildFile; fileRef = 3972A1C329549B5E00B02E74 /* RequestTests.swift */; };
		3972A1C82954A44F00B02E74 /* GithubRequestTests.swift in Sources */ = {isa = PBXBuildFile; fileRef = 3972A1C72954A44F00B02E74 /* GithubRequestTests.swift */; };
		3972A1CA2954A46C00B02E74 /* GithubRequest.swift in Sources */ = {isa = PBXBuildFile; fileRef = 3972A1C92954A46C00B02E74 /* GithubRequest.swift */; };
		3972A1D02954AE0F00B02E74 /* WebClient.swift in Sources */ = {isa = PBXBuildFile; fileRef = 3972A1CF2954AE0F00B02E74 /* WebClient.swift */; };
		3972A1DA2954E49F00B02E74 /* WebClientTests.swift in Sources */ = {isa = PBXBuildFile; fileRef = 3972A1D92954E49F00B02E74 /* WebClientTests.swift */; };
		3972A1DC2954E4F300B02E74 /* APIError.swift in Sources */ = {isa = PBXBuildFile; fileRef = 3972A1DB2954E4F300B02E74 /* APIError.swift */; };
		3976A050295759C800F2C7AD /* TrendingRepoViewModelTests.swift in Sources */ = {isa = PBXBuildFile; fileRef = 3976A04F295759C800F2C7AD /* TrendingRepoViewModelTests.swift */; };
		3976A05329575A7500F2C7AD /* TrendingRepoViewModel.swift in Sources */ = {isa = PBXBuildFile; fileRef = 3976A05229575A7500F2C7AD /* TrendingRepoViewModel.swift */; };
		3976A055295864BC00F2C7AD /* TrendingRepoCellViewModel.swift in Sources */ = {isa = PBXBuildFile; fileRef = 3976A054295864BC00F2C7AD /* TrendingRepoCellViewModel.swift */; };
		3976A0582958660900F2C7AD /* MockTrendingRepoCellViewModel.swift in Sources */ = {isa = PBXBuildFile; fileRef = 3976A0572958660900F2C7AD /* MockTrendingRepoCellViewModel.swift */; };
		3976A05A29586ECD00F2C7AD /* TrendingCellViewModelTests.swift in Sources */ = {isa = PBXBuildFile; fileRef = 3976A05929586ECD00F2C7AD /* TrendingCellViewModelTests.swift */; };
		3976A05D29587A0700F2C7AD /* RepositoriesViewControllerTests.swift in Sources */ = {isa = PBXBuildFile; fileRef = 3976A05C29587A0700F2C7AD /* RepositoriesViewControllerTests.swift */; };
		3976A06029587B0100F2C7AD /* RepositoriesViewController.swift in Sources */ = {isa = PBXBuildFile; fileRef = 3976A05E29587B0100F2C7AD /* RepositoriesViewController.swift */; };
		3976A06129587B0100F2C7AD /* RepositoriesViewController.xib in Resources */ = {isa = PBXBuildFile; fileRef = 3976A05F29587B0100F2C7AD /* RepositoriesViewController.xib */; };
		3976A06429587DBC00F2C7AD /* RepoTableViewCell.swift in Sources */ = {isa = PBXBuildFile; fileRef = 3976A06229587DBC00F2C7AD /* RepoTableViewCell.swift */; };
		3976A06529587DBC00F2C7AD /* RepoTableViewCell.xib in Resources */ = {isa = PBXBuildFile; fileRef = 3976A06329587DBC00F2C7AD /* RepoTableViewCell.xib */; };
		3976A06729589D8B00F2C7AD /* MockSuccessTrendingViewModel.swift in Sources */ = {isa = PBXBuildFile; fileRef = 3976A06629589D8A00F2C7AD /* MockSuccessTrendingViewModel.swift */; };
		3976A06929589DB800F2C7AD /* MockFailureTrendingViewModel.swift in Sources */ = {isa = PBXBuildFile; fileRef = 3976A06829589DB800F2C7AD /* MockFailureTrendingViewModel.swift */; };
		39B0E4742952543A00006043 /* TrendingItemModelTests.swift in Sources */ = {isa = PBXBuildFile; fileRef = 39B0E4732952543A00006043 /* TrendingItemModelTests.swift */; };
		39B0E4762952572600006043 /* TrendingItemModel.swift in Sources */ = {isa = PBXBuildFile; fileRef = 39B0E4752952572600006043 /* TrendingItemModel.swift */; };
/* End PBXBuildFile section */

/* Begin PBXContainerItemProxy section */
		39B0E45F295253E000006043 /* PBXContainerItemProxy */ = {
			isa = PBXContainerItemProxy;
			containerPortal = 392BAB52295212560043F668 /* Project object */;
			proxyType = 1;
			remoteGlobalIDString = 392BAB59295212560043F668;
			remoteInfo = SadaPayHomeAssignment;
		};
/* End PBXContainerItemProxy section */

/* Begin PBXFileReference section */
		390A9954295A043C00754FF5 /* TableViewSkeletonDiffableDataSource.swift */ = {isa = PBXFileReference; lastKnownFileType = sourcecode.swift; path = TableViewSkeletonDiffableDataSource.swift; sourceTree = "<group>"; };
		390A9957295A0A5C00754FF5 /* Ext+UITableView.swift */ = {isa = PBXFileReference; lastKnownFileType = sourcecode.swift; name = "Ext+UITableView.swift"; path = "../../../../../Documents/Ext+UITableView.swift"; sourceTree = "<group>"; };
		390A996F295A253E00754FF5 /* ErrorView.swift */ = {isa = PBXFileReference; lastKnownFileType = sourcecode.swift; path = ErrorView.swift; sourceTree = "<group>"; };
		390A9973295AF69800754FF5 /* Coordinator.swift */ = {isa = PBXFileReference; lastKnownFileType = sourcecode.swift; path = Coordinator.swift; sourceTree = "<group>"; };
		390A9976295AFC7300754FF5 /* CoordinatorTests.swift */ = {isa = PBXFileReference; lastKnownFileType = sourcecode.swift; path = CoordinatorTests.swift; sourceTree = "<group>"; };
		390A9978295B112500754FF5 /* Ext+RefreshController.swift */ = {isa = PBXFileReference; lastKnownFileType = sourcecode.swift; path = "Ext+RefreshController.swift"; sourceTree = "<group>"; };
		390A997B295B121300754FF5 /* RefreshControllerExtenionTests.swift */ = {isa = PBXFileReference; lastKnownFileType = sourcecode.swift; path = RefreshControllerExtenionTests.swift; sourceTree = "<group>"; };
		3913F52029562E2F0098B723 /* OwnerModelStub.swift */ = {isa = PBXFileReference; lastKnownFileType = sourcecode.swift; path = OwnerModelStub.swift; sourceTree = "<group>"; };
		3913F52229562ED50098B723 /* TrendingItemStub.swift */ = {isa = PBXFileReference; lastKnownFileType = sourcecode.swift; path = TrendingItemStub.swift; sourceTree = "<group>"; };
		3913F52429562F8C0098B723 /* TrendingItemResultStub.swift */ = {isa = PBXFileReference; lastKnownFileType = sourcecode.swift; path = TrendingItemResultStub.swift; sourceTree = "<group>"; };
		3913F526295631C40098B723 /* APIServiceTests.swift */ = {isa = PBXFileReference; lastKnownFileType = sourcecode.swift; path = APIServiceTests.swift; sourceTree = "<group>"; };
		3913F528295635AA0098B723 /* APIService.swift */ = {isa = PBXFileReference; lastKnownFileType = sourcecode.swift; path = APIService.swift; sourceTree = "<group>"; };
		3913F52B2956392E0098B723 /* MockAPIService.swift */ = {isa = PBXFileReference; lastKnownFileType = sourcecode.swift; path = MockAPIService.swift; sourceTree = "<group>"; };
		391F9AAB295320350033068F /* OwnerModelTests.swift */ = {isa = PBXFileReference; lastKnownFileType = sourcecode.swift; path = OwnerModelTests.swift; sourceTree = "<group>"; };
		391F9AAD295320EA0033068F /* OwnerModel.swift */ = {isa = PBXFileReference; lastKnownFileType = sourcecode.swift; path = OwnerModel.swift; sourceTree = "<group>"; };
		392BAB5A295212560043F668 /* SadaPayHomeAssignment.app */ = {isa = PBXFileReference; explicitFileType = wrapper.application; includeInIndex = 0; path = SadaPayHomeAssignment.app; sourceTree = BUILT_PRODUCTS_DIR; };
		392BAB5D295212560043F668 /* AppDelegate.swift */ = {isa = PBXFileReference; lastKnownFileType = sourcecode.swift; path = AppDelegate.swift; sourceTree = "<group>"; };
		392BAB5F295212560043F668 /* SceneDelegate.swift */ = {isa = PBXFileReference; lastKnownFileType = sourcecode.swift; path = SceneDelegate.swift; sourceTree = "<group>"; };
		392BAB66295212580043F668 /* Assets.xcassets */ = {isa = PBXFileReference; lastKnownFileType = folder.assetcatalog; path = Assets.xcassets; sourceTree = "<group>"; };
		392BAB69295212580043F668 /* Base */ = {isa = PBXFileReference; lastKnownFileType = file.storyboard; name = Base; path = Base.lproj/LaunchScreen.storyboard; sourceTree = "<group>"; };
		392BAB6B295212580043F668 /* Info.plist */ = {isa = PBXFileReference; lastKnownFileType = text.plist.xml; path = Info.plist; sourceTree = "<group>"; };
		392BABA2295222C30043F668 /* networkError_lottie.json */ = {isa = PBXFileReference; fileEncoding = 4; lastKnownFileType = text.json; path = networkError_lottie.json; sourceTree = "<group>"; };
		3972A0F229546F3200B02E74 /* TrendingItemResultTests.swift */ = {isa = PBXFileReference; lastKnownFileType = sourcecode.swift; path = TrendingItemResultTests.swift; sourceTree = "<group>"; };
		3972A0F429546FD300B02E74 /* TrendingItemResult.swift */ = {isa = PBXFileReference; lastKnownFileType = sourcecode.swift; path = TrendingItemResult.swift; sourceTree = "<group>"; };
		3972A1BB2954932100B02E74 /* RequestBuilder.swift */ = {isa = PBXFileReference; lastKnownFileType = sourcecode.swift; path = RequestBuilder.swift; sourceTree = "<group>"; };
		3972A1BD2954961500B02E74 /* RequestType.swift */ = {isa = PBXFileReference; lastKnownFileType = sourcecode.swift; path = RequestType.swift; sourceTree = "<group>"; };
		3972A1C129549A0D00B02E74 /* RequestStub.swift */ = {isa = PBXFileReference; lastKnownFileType = sourcecode.swift; path = RequestStub.swift; sourceTree = "<group>"; };
		3972A1C329549B5E00B02E74 /* RequestTests.swift */ = {isa = PBXFileReference; lastKnownFileType = sourcecode.swift; path = RequestTests.swift; sourceTree = "<group>"; };
		3972A1C72954A44F00B02E74 /* GithubRequestTests.swift */ = {isa = PBXFileReference; lastKnownFileType = sourcecode.swift; path = GithubRequestTests.swift; sourceTree = "<group>"; };
		3972A1C92954A46C00B02E74 /* GithubRequest.swift */ = {isa = PBXFileReference; lastKnownFileType = sourcecode.swift; path = GithubRequest.swift; sourceTree = "<group>"; };
		3972A1CF2954AE0F00B02E74 /* WebClient.swift */ = {isa = PBXFileReference; lastKnownFileType = sourcecode.swift; path = WebClient.swift; sourceTree = "<group>"; };
		3972A1D92954E49F00B02E74 /* WebClientTests.swift */ = {isa = PBXFileReference; lastKnownFileType = sourcecode.swift; path = WebClientTests.swift; sourceTree = "<group>"; };
		3972A1DB2954E4F300B02E74 /* APIError.swift */ = {isa = PBXFileReference; lastKnownFileType = sourcecode.swift; path = APIError.swift; sourceTree = "<group>"; };
		3976A04F295759C800F2C7AD /* TrendingRepoViewModelTests.swift */ = {isa = PBXFileReference; lastKnownFileType = sourcecode.swift; path = TrendingRepoViewModelTests.swift; sourceTree = "<group>"; };
		3976A05229575A7500F2C7AD /* TrendingRepoViewModel.swift */ = {isa = PBXFileReference; lastKnownFileType = sourcecode.swift; path = TrendingRepoViewModel.swift; sourceTree = "<group>"; };
		3976A054295864BC00F2C7AD /* TrendingRepoCellViewModel.swift */ = {isa = PBXFileReference; lastKnownFileType = sourcecode.swift; path = TrendingRepoCellViewModel.swift; sourceTree = "<group>"; };
		3976A0572958660900F2C7AD /* MockTrendingRepoCellViewModel.swift */ = {isa = PBXFileReference; lastKnownFileType = sourcecode.swift; path = MockTrendingRepoCellViewModel.swift; sourceTree = "<group>"; };
		3976A05929586ECD00F2C7AD /* TrendingCellViewModelTests.swift */ = {isa = PBXFileReference; lastKnownFileType = sourcecode.swift; path = TrendingCellViewModelTests.swift; sourceTree = "<group>"; };
		3976A05C29587A0700F2C7AD /* RepositoriesViewControllerTests.swift */ = {isa = PBXFileReference; lastKnownFileType = sourcecode.swift; path = RepositoriesViewControllerTests.swift; sourceTree = "<group>"; };
		3976A05E29587B0100F2C7AD /* RepositoriesViewController.swift */ = {isa = PBXFileReference; lastKnownFileType = sourcecode.swift; path = RepositoriesViewController.swift; sourceTree = "<group>"; };
		3976A05F29587B0100F2C7AD /* RepositoriesViewController.xib */ = {isa = PBXFileReference; lastKnownFileType = file.xib; path = RepositoriesViewController.xib; sourceTree = "<group>"; };
		3976A06229587DBC00F2C7AD /* RepoTableViewCell.swift */ = {isa = PBXFileReference; lastKnownFileType = sourcecode.swift; path = RepoTableViewCell.swift; sourceTree = "<group>"; };
		3976A06329587DBC00F2C7AD /* RepoTableViewCell.xib */ = {isa = PBXFileReference; lastKnownFileType = file.xib; path = RepoTableViewCell.xib; sourceTree = "<group>"; };
		3976A06629589D8A00F2C7AD /* MockSuccessTrendingViewModel.swift */ = {isa = PBXFileReference; lastKnownFileType = sourcecode.swift; path = MockSuccessTrendingViewModel.swift; sourceTree = "<group>"; };
		3976A06829589DB800F2C7AD /* MockFailureTrendingViewModel.swift */ = {isa = PBXFileReference; lastKnownFileType = sourcecode.swift; path = MockFailureTrendingViewModel.swift; sourceTree = "<group>"; };
		39B0E45B295253E000006043 /* SadaPayHomeAssignmentTests.xctest */ = {isa = PBXFileReference; explicitFileType = wrapper.cfbundle; includeInIndex = 0; path = SadaPayHomeAssignmentTests.xctest; sourceTree = BUILT_PRODUCTS_DIR; };
		39B0E4732952543A00006043 /* TrendingItemModelTests.swift */ = {isa = PBXFileReference; lastKnownFileType = sourcecode.swift; path = TrendingItemModelTests.swift; sourceTree = "<group>"; };
		39B0E4752952572600006043 /* TrendingItemModel.swift */ = {isa = PBXFileReference; lastKnownFileType = sourcecode.swift; path = TrendingItemModel.swift; sourceTree = "<group>"; };
/* End PBXFileReference section */

/* Begin PBXFrameworksBuildPhase section */
		392BAB57295212560043F668 /* Frameworks */ = {
			isa = PBXFrameworksBuildPhase;
			buildActionMask = 2147483647;
			files = (
				392BAB962952172B0043F668 /* Kingfisher in Frameworks */,
				392BAB93295216950043F668 /* SkeletonView in Frameworks */,
				392BAB902952163F0043F668 /* Lottie in Frameworks */,
			);
			runOnlyForDeploymentPostprocessing = 0;
		};
		39B0E458295253E000006043 /* Frameworks */ = {
			isa = PBXFrameworksBuildPhase;
			buildActionMask = 2147483647;
			files = (
			);
			runOnlyForDeploymentPostprocessing = 0;
		};
/* End PBXFrameworksBuildPhase section */

/* Begin PBXGroup section */
		390A9953295A042000754FF5 /* SkeletonDataSource */ = {
			isa = PBXGroup;
			children = (
				390A9954295A043C00754FF5 /* TableViewSkeletonDiffableDataSource.swift */,
			);
			path = SkeletonDataSource;
			sourceTree = "<group>";
		};
		390A9956295A0A0C00754FF5 /* Extension */ = {
			isa = PBXGroup;
			children = (
				390A9957295A0A5C00754FF5 /* Ext+UITableView.swift */,
				390A9978295B112500754FF5 /* Ext+RefreshController.swift */,
			);
			path = Extension;
			sourceTree = "<group>";
		};
		390A9959295A0ED700754FF5 /* Reposritories */ = {
			isa = PBXGroup;
			children = (
				390A995A295A0EFC00754FF5 /* ViewController */,
				390A995B295A0F1100754FF5 /* TableViewCell */,
				3976A05129575A6300F2C7AD /* ViewModel */,
				390A9971295A25B200754FF5 /* ErrorView */,
			);
			path = Reposritories;
			sourceTree = "<group>";
		};
		390A995A295A0EFC00754FF5 /* ViewController */ = {
			isa = PBXGroup;
			children = (
				390A9953295A042000754FF5 /* SkeletonDataSource */,
				3976A05E29587B0100F2C7AD /* RepositoriesViewController.swift */,
				3976A05F29587B0100F2C7AD /* RepositoriesViewController.xib */,
			);
			path = ViewController;
			sourceTree = "<group>";
		};
		390A995B295A0F1100754FF5 /* TableViewCell */ = {
			isa = PBXGroup;
			children = (
				3976A06229587DBC00F2C7AD /* RepoTableViewCell.swift */,
				3976A06329587DBC00F2C7AD /* RepoTableViewCell.xib */,
			);
			path = TableViewCell;
			sourceTree = "<group>";
		};
		390A9971295A25B200754FF5 /* ErrorView */ = {
			isa = PBXGroup;
			children = (
				390A996F295A253E00754FF5 /* ErrorView.swift */,
			);
			path = ErrorView;
			sourceTree = "<group>";
		};
		390A9972295AF5A200754FF5 /* App Coordinator */ = {
			isa = PBXGroup;
			children = (
				390A9973295AF69800754FF5 /* Coordinator.swift */,
			);
			path = "App Coordinator";
			sourceTree = "<group>";
		};
		390A9975295AFA3900754FF5 /* Test Coordinator */ = {
			isa = PBXGroup;
			children = (
				390A9976295AFC7300754FF5 /* CoordinatorTests.swift */,
			);
			path = "Test Coordinator";
			sourceTree = "<group>";
		};
		390A997A295B11FB00754FF5 /* Test Extension */ = {
			isa = PBXGroup;
			children = (
				390A997B295B121300754FF5 /* RefreshControllerExtenionTests.swift */,
			);
			path = "Test Extension";
			sourceTree = "<group>";
		};
		3913F51D29562BDF0098B723 /* Service */ = {
			isa = PBXGroup;
			children = (
				3913F52A295638EC0098B723 /* Mock */,
				3913F526295631C40098B723 /* APIServiceTests.swift */,
			);
			path = Service;
			sourceTree = "<group>";
		};
		3913F51E29562BEE0098B723 /* Service */ = {
			isa = PBXGroup;
			children = (
				3913F528295635AA0098B723 /* APIService.swift */,
			);
			path = Service;
			sourceTree = "<group>";
		};
		3913F51F29562DEE0098B723 /* Model Stub */ = {
			isa = PBXGroup;
			children = (
				3913F52029562E2F0098B723 /* OwnerModelStub.swift */,
				3913F52229562ED50098B723 /* TrendingItemStub.swift */,
				3913F52429562F8C0098B723 /* TrendingItemResultStub.swift */,
			);
			path = "Model Stub";
			sourceTree = "<group>";
		};
		3913F52A295638EC0098B723 /* Mock */ = {
			isa = PBXGroup;
			children = (
				3913F52B2956392E0098B723 /* MockAPIService.swift */,
			);
			path = Mock;
			sourceTree = "<group>";
		};
		392BAB51295212560043F668 = {
			isa = PBXGroup;
			children = (
				392BAB5C295212560043F668 /* SadaPayHomeAssignment */,
				39B0E45C295253E000006043 /* SadaPayHomeAssignmentTests */,
				392BAB5B295212560043F668 /* Products */,
			);
			sourceTree = "<group>";
		};
		392BAB5B295212560043F668 /* Products */ = {
			isa = PBXGroup;
			children = (
				392BAB5A295212560043F668 /* SadaPayHomeAssignment.app */,
				39B0E45B295253E000006043 /* SadaPayHomeAssignmentTests.xctest */,
			);
			name = Products;
			sourceTree = "<group>";
		};
		392BAB5C295212560043F668 /* SadaPayHomeAssignment */ = {
			isa = PBXGroup;
			children = (
				392BAB6B295212580043F668 /* Info.plist */,
				392BAB9C295218EC0043F668 /* Model */,
				392BAB982952181A0043F668 /* App */,
				392BAB9A295218BD0043F668 /* Scenes */,
				392BAB9B295218CB0043F668 /* Networking */,
				392BAB99295218A90043F668 /* Resources */,
				390A9972295AF5A200754FF5 /* App Coordinator */,
				390A9956295A0A0C00754FF5 /* Extension */,
			);
			path = SadaPayHomeAssignment;
			sourceTree = "<group>";
		};
		392BAB982952181A0043F668 /* App */ = {
			isa = PBXGroup;
			children = (
				392BAB5D295212560043F668 /* AppDelegate.swift */,
				392BAB5F295212560043F668 /* SceneDelegate.swift */,
			);
			path = App;
			sourceTree = "<group>";
		};
		392BAB99295218A90043F668 /* Resources */ = {
			isa = PBXGroup;
			children = (
				392BAB9D29521FFF0043F668 /* LottieAnimation Files */,
				392BAB66295212580043F668 /* Assets.xcassets */,
				392BAB68295212580043F668 /* LaunchScreen.storyboard */,
			);
			path = Resources;
			sourceTree = "<group>";
		};
		392BAB9A295218BD0043F668 /* Scenes */ = {
			isa = PBXGroup;
			children = (
				390A9959295A0ED700754FF5 /* Reposritories */,
			);
			path = Scenes;
			sourceTree = "<group>";
		};
		392BAB9B295218CB0043F668 /* Networking */ = {
			isa = PBXGroup;
			children = (
				3972A1CC2954A87700B02E74 /* WebClient */,
				3972A1CB2954A86A00B02E74 /* Requests */,
				3913F51E29562BEE0098B723 /* Service */,
			);
			path = Networking;
			sourceTree = "<group>";
		};
		392BAB9C295218EC0043F668 /* Model */ = {
			isa = PBXGroup;
			children = (
				39B0E4752952572600006043 /* TrendingItemModel.swift */,
				391F9AAD295320EA0033068F /* OwnerModel.swift */,
				3972A0F429546FD300B02E74 /* TrendingItemResult.swift */,
			);
			path = Model;
			sourceTree = "<group>";
		};
		392BAB9D29521FFF0043F668 /* LottieAnimation Files */ = {
			isa = PBXGroup;
			children = (
				392BABA2295222C30043F668 /* networkError_lottie.json */,
			);
			path = "LottieAnimation Files";
			sourceTree = "<group>";
		};
		3972A0F62954718000B02E74 /* Test Networking */ = {
			isa = PBXGroup;
			children = (
				3972A1D82954E48600B02E74 /* WebClient */,
				3972A1CD2954A9B600B02E74 /* Stub */,
				3972A1CE2954A9C100B02E74 /* Requests */,
				3913F51D29562BDF0098B723 /* Service */,
			);
			path = "Test Networking";
			sourceTree = "<group>";
		};
		3972A1CB2954A86A00B02E74 /* Requests */ = {
			isa = PBXGroup;
			children = (
				3972A1C92954A46C00B02E74 /* GithubRequest.swift */,
			);
			path = Requests;
			sourceTree = "<group>";
		};
		3972A1CC2954A87700B02E74 /* WebClient */ = {
			isa = PBXGroup;
			children = (
				3972A1BB2954932100B02E74 /* RequestBuilder.swift */,
				3972A1BD2954961500B02E74 /* RequestType.swift */,
				3972A1CF2954AE0F00B02E74 /* WebClient.swift */,
				3972A1DB2954E4F300B02E74 /* APIError.swift */,
			);
			path = WebClient;
			sourceTree = "<group>";
		};
		3972A1CD2954A9B600B02E74 /* Stub */ = {
			isa = PBXGroup;
			children = (
				3913F51F29562DEE0098B723 /* Model Stub */,
				3972A1C129549A0D00B02E74 /* RequestStub.swift */,
			);
			path = Stub;
			sourceTree = "<group>";
		};
		3972A1CE2954A9C100B02E74 /* Requests */ = {
			isa = PBXGroup;
			children = (
				3972A1C329549B5E00B02E74 /* RequestTests.swift */,
				3972A1C72954A44F00B02E74 /* GithubRequestTests.swift */,
			);
			path = Requests;
			sourceTree = "<group>";
		};
		3972A1D82954E48600B02E74 /* WebClient */ = {
			isa = PBXGroup;
			children = (
				3972A1D92954E49F00B02E74 /* WebClientTests.swift */,
			);
			path = WebClient;
			sourceTree = "<group>";
		};
		3976A04E295759B400F2C7AD /* Test ViewModel */ = {
			isa = PBXGroup;
			children = (
				3976A056295865E900F2C7AD /* Mock */,
				3976A04F295759C800F2C7AD /* TrendingRepoViewModelTests.swift */,
				3976A05929586ECD00F2C7AD /* TrendingCellViewModelTests.swift */,
			);
			path = "Test ViewModel";
			sourceTree = "<group>";
		};
		3976A05129575A6300F2C7AD /* ViewModel */ = {
			isa = PBXGroup;
			children = (
				3976A05229575A7500F2C7AD /* TrendingRepoViewModel.swift */,
				3976A054295864BC00F2C7AD /* TrendingRepoCellViewModel.swift */,
			);
			path = ViewModel;
			sourceTree = "<group>";
		};
		3976A056295865E900F2C7AD /* Mock */ = {
			isa = PBXGroup;
			children = (
				3976A0572958660900F2C7AD /* MockTrendingRepoCellViewModel.swift */,
				3976A06629589D8A00F2C7AD /* MockSuccessTrendingViewModel.swift */,
				3976A06829589DB800F2C7AD /* MockFailureTrendingViewModel.swift */,
			);
			path = Mock;
			sourceTree = "<group>";
		};
		3976A05B295879E200F2C7AD /* Test ViewControllers */ = {
			isa = PBXGroup;
			children = (
				3976A05C29587A0700F2C7AD /* RepositoriesViewControllerTests.swift */,
			);
			path = "Test ViewControllers";
			sourceTree = "<group>";
		};
		39B0E45C295253E000006043 /* SadaPayHomeAssignmentTests */ = {
			isa = PBXGroup;
			children = (
				390A997A295B11FB00754FF5 /* Test Extension */,
				390A9975295AFA3900754FF5 /* Test Coordinator */,
				3976A05B295879E200F2C7AD /* Test ViewControllers */,
				3976A04E295759B400F2C7AD /* Test ViewModel */,
				3972A0F62954718000B02E74 /* Test Networking */,
				39B0E47729525A1C00006043 /* Test Models */,
			);
			path = SadaPayHomeAssignmentTests;
			sourceTree = "<group>";
		};
		39B0E47729525A1C00006043 /* Test Models */ = {
			isa = PBXGroup;
			children = (
				39B0E4732952543A00006043 /* TrendingItemModelTests.swift */,
				391F9AAB295320350033068F /* OwnerModelTests.swift */,
				3972A0F229546F3200B02E74 /* TrendingItemResultTests.swift */,
			);
			path = "Test Models";
			sourceTree = "<group>";
		};
/* End PBXGroup section */

/* Begin PBXNativeTarget section */
		392BAB59295212560043F668 /* SadaPayHomeAssignment */ = {
			isa = PBXNativeTarget;
			buildConfigurationList = 392BAB84295212590043F668 /* Build configuration list for PBXNativeTarget "SadaPayHomeAssignment" */;
			buildPhases = (
				392BAB56295212560043F668 /* Sources */,
				392BAB57295212560043F668 /* Frameworks */,
				392BAB58295212560043F668 /* Resources */,
			);
			buildRules = (
			);
			dependencies = (
			);
			name = SadaPayHomeAssignment;
			packageProductDependencies = (
				392BAB8F2952163F0043F668 /* Lottie */,
				392BAB92295216950043F668 /* SkeletonView */,
				392BAB952952172B0043F668 /* Kingfisher */,
			);
			productName = SadaPayHomeAssignment;
			productReference = 392BAB5A295212560043F668 /* SadaPayHomeAssignment.app */;
			productType = "com.apple.product-type.application";
		};
		39B0E45A295253E000006043 /* SadaPayHomeAssignmentTests */ = {
			isa = PBXNativeTarget;
			buildConfigurationList = 39B0E461295253E000006043 /* Build configuration list for PBXNativeTarget "SadaPayHomeAssignmentTests" */;
			buildPhases = (
				39B0E457295253E000006043 /* Sources */,
				39B0E458295253E000006043 /* Frameworks */,
				39B0E459295253E000006043 /* Resources */,
			);
			buildRules = (
			);
			dependencies = (
				39B0E460295253E000006043 /* PBXTargetDependency */,
			);
			name = SadaPayHomeAssignmentTests;
			productName = SadaPayHomeAssignmentTests;
			productReference = 39B0E45B295253E000006043 /* SadaPayHomeAssignmentTests.xctest */;
			productType = "com.apple.product-type.bundle.unit-test";
		};
/* End PBXNativeTarget section */

/* Begin PBXProject section */
		392BAB52295212560043F668 /* Project object */ = {
			isa = PBXProject;
			attributes = {
				BuildIndependentTargetsInParallel = 1;
				LastSwiftUpdateCheck = 1420;
				LastUpgradeCheck = 1420;
				TargetAttributes = {
					392BAB59295212560043F668 = {
						CreatedOnToolsVersion = 14.2;
					};
					39B0E45A295253E000006043 = {
						CreatedOnToolsVersion = 14.2;
						LastSwiftMigration = 1420;
						TestTargetID = 392BAB59295212560043F668;
					};
				};
			};
			buildConfigurationList = 392BAB55295212560043F668 /* Build configuration list for PBXProject "SadaPayHomeAssignment" */;
			compatibilityVersion = "Xcode 14.0";
			developmentRegion = en;
			hasScannedForEncodings = 0;
			knownRegions = (
				en,
				Base,
			);
			mainGroup = 392BAB51295212560043F668;
			packageReferences = (
				392BAB8E2952163F0043F668 /* XCRemoteSwiftPackageReference "lottie-ios" */,
				392BAB91295216950043F668 /* XCRemoteSwiftPackageReference "SkeletonView" */,
				392BAB942952172B0043F668 /* XCRemoteSwiftPackageReference "Kingfisher" */,
			);
			productRefGroup = 392BAB5B295212560043F668 /* Products */;
			projectDirPath = "";
			projectRoot = "";
			targets = (
				392BAB59295212560043F668 /* SadaPayHomeAssignment */,
				39B0E45A295253E000006043 /* SadaPayHomeAssignmentTests */,
			);
		};
/* End PBXProject section */

/* Begin PBXResourcesBuildPhase section */
		392BAB58295212560043F668 /* Resources */ = {
			isa = PBXResourcesBuildPhase;
			buildActionMask = 2147483647;
			files = (
				392BABA3295222C40043F668 /* networkError_lottie.json in Resources */,
				392BAB6A295212580043F668 /* LaunchScreen.storyboard in Resources */,
				3976A06129587B0100F2C7AD /* RepositoriesViewController.xib in Resources */,
				392BAB67295212580043F668 /* Assets.xcassets in Resources */,
				3976A06529587DBC00F2C7AD /* RepoTableViewCell.xib in Resources */,
			);
			runOnlyForDeploymentPostprocessing = 0;
		};
		39B0E459295253E000006043 /* Resources */ = {
			isa = PBXResourcesBuildPhase;
			buildActionMask = 2147483647;
			files = (
			);
			runOnlyForDeploymentPostprocessing = 0;
		};
/* End PBXResourcesBuildPhase section */

/* Begin PBXSourcesBuildPhase section */
		392BAB56295212560043F668 /* Sources */ = {
			isa = PBXSourcesBuildPhase;
			buildActionMask = 2147483647;
			files = (
				3972A1BC2954932100B02E74 /* RequestBuilder.swift in Sources */,
				391F9AAE295320EA0033068F /* OwnerModel.swift in Sources */,
				3976A055295864BC00F2C7AD /* TrendingRepoCellViewModel.swift in Sources */,
				3972A1D02954AE0F00B02E74 /* WebClient.swift in Sources */,
				390A9955295A043C00754FF5 /* TableViewSkeletonDiffableDataSource.swift in Sources */,
				390A9979295B112500754FF5 /* Ext+RefreshController.swift in Sources */,
				3972A1CA2954A46C00B02E74 /* GithubRequest.swift in Sources */,
				390A9974295AF69800754FF5 /* Coordinator.swift in Sources */,
				39B0E4762952572600006043 /* TrendingItemModel.swift in Sources */,
				390A9970295A253E00754FF5 /* ErrorView.swift in Sources */,
				3976A05329575A7500F2C7AD /* TrendingRepoViewModel.swift in Sources */,
				392BAB5E295212560043F668 /* AppDelegate.swift in Sources */,
				3976A06429587DBC00F2C7AD /* RepoTableViewCell.swift in Sources */,
				390A9958295A0A5C00754FF5 /* Ext+UITableView.swift in Sources */,
				3972A0F529546FD300B02E74 /* TrendingItemResult.swift in Sources */,
				392BAB60295212560043F668 /* SceneDelegate.swift in Sources */,
				3972A1BE2954961500B02E74 /* RequestType.swift in Sources */,
				3913F529295635AA0098B723 /* APIService.swift in Sources */,
				3976A06029587B0100F2C7AD /* RepositoriesViewController.swift in Sources */,
				3972A1DC2954E4F300B02E74 /* APIError.swift in Sources */,
			);
			runOnlyForDeploymentPostprocessing = 0;
		};
		39B0E457295253E000006043 /* Sources */ = {
			isa = PBXSourcesBuildPhase;
			buildActionMask = 2147483647;
			files = (
				3913F52C2956392E0098B723 /* MockAPIService.swift in Sources */,
				3972A1C429549B5E00B02E74 /* RequestTests.swift in Sources */,
				3972A1DA2954E49F00B02E74 /* WebClientTests.swift in Sources */,
				390A9977295AFC7300754FF5 /* CoordinatorTests.swift in Sources */,
				3972A0F329546F3200B02E74 /* TrendingItemResultTests.swift in Sources */,
				3913F52329562ED50098B723 /* TrendingItemStub.swift in Sources */,
				3976A0582958660900F2C7AD /* MockTrendingRepoCellViewModel.swift in Sources */,
				390A997C295B121300754FF5 /* RefreshControllerExtenionTests.swift in Sources */,
				3976A050295759C800F2C7AD /* TrendingRepoViewModelTests.swift in Sources */,
				3913F52129562E2F0098B723 /* OwnerModelStub.swift in Sources */,
				3976A06929589DB800F2C7AD /* MockFailureTrendingViewModel.swift in Sources */,
				39B0E4742952543A00006043 /* TrendingItemModelTests.swift in Sources */,
				3913F52529562F8C0098B723 /* TrendingItemResultStub.swift in Sources */,
				3976A05D29587A0700F2C7AD /* RepositoriesViewControllerTests.swift in Sources */,
				391F9AAC295320350033068F /* OwnerModelTests.swift in Sources */,
				3913F527295631C40098B723 /* APIServiceTests.swift in Sources */,
				3976A06729589D8B00F2C7AD /* MockSuccessTrendingViewModel.swift in Sources */,
				3972A1C82954A44F00B02E74 /* GithubRequestTests.swift in Sources */,
				3976A05A29586ECD00F2C7AD /* TrendingCellViewModelTests.swift in Sources */,
				3972A1C229549A0D00B02E74 /* RequestStub.swift in Sources */,
			);
			runOnlyForDeploymentPostprocessing = 0;
		};
/* End PBXSourcesBuildPhase section */

/* Begin PBXTargetDependency section */
		39B0E460295253E000006043 /* PBXTargetDependency */ = {
			isa = PBXTargetDependency;
			target = 392BAB59295212560043F668 /* SadaPayHomeAssignment */;
			targetProxy = 39B0E45F295253E000006043 /* PBXContainerItemProxy */;
		};
/* End PBXTargetDependency section */

/* Begin PBXVariantGroup section */
		392BAB68295212580043F668 /* LaunchScreen.storyboard */ = {
			isa = PBXVariantGroup;
			children = (
				392BAB69295212580043F668 /* Base */,
			);
			name = LaunchScreen.storyboard;
			sourceTree = "<group>";
		};
/* End PBXVariantGroup section */

/* Begin XCBuildConfiguration section */
		392BAB82295212590043F668 /* Debug */ = {
			isa = XCBuildConfiguration;
			buildSettings = {
				ALWAYS_SEARCH_USER_PATHS = NO;
				CLANG_ANALYZER_NONNULL = YES;
				CLANG_ANALYZER_NUMBER_OBJECT_CONVERSION = YES_AGGRESSIVE;
				CLANG_CXX_LANGUAGE_STANDARD = "gnu++20";
				CLANG_ENABLE_MODULES = YES;
				CLANG_ENABLE_OBJC_ARC = YES;
				CLANG_ENABLE_OBJC_WEAK = YES;
				CLANG_WARN_BLOCK_CAPTURE_AUTORELEASING = YES;
				CLANG_WARN_BOOL_CONVERSION = YES;
				CLANG_WARN_COMMA = YES;
				CLANG_WARN_CONSTANT_CONVERSION = YES;
				CLANG_WARN_DEPRECATED_OBJC_IMPLEMENTATIONS = YES;
				CLANG_WARN_DIRECT_OBJC_ISA_USAGE = YES_ERROR;
				CLANG_WARN_DOCUMENTATION_COMMENTS = YES;
				CLANG_WARN_EMPTY_BODY = YES;
				CLANG_WARN_ENUM_CONVERSION = YES;
				CLANG_WARN_INFINITE_RECURSION = YES;
				CLANG_WARN_INT_CONVERSION = YES;
				CLANG_WARN_NON_LITERAL_NULL_CONVERSION = YES;
				CLANG_WARN_OBJC_IMPLICIT_RETAIN_SELF = YES;
				CLANG_WARN_OBJC_LITERAL_CONVERSION = YES;
				CLANG_WARN_OBJC_ROOT_CLASS = YES_ERROR;
				CLANG_WARN_QUOTED_INCLUDE_IN_FRAMEWORK_HEADER = YES;
				CLANG_WARN_RANGE_LOOP_ANALYSIS = YES;
				CLANG_WARN_STRICT_PROTOTYPES = YES;
				CLANG_WARN_SUSPICIOUS_MOVE = YES;
				CLANG_WARN_UNGUARDED_AVAILABILITY = YES_AGGRESSIVE;
				CLANG_WARN_UNREACHABLE_CODE = YES;
				CLANG_WARN__DUPLICATE_METHOD_MATCH = YES;
				COPY_PHASE_STRIP = NO;
				DEBUG_INFORMATION_FORMAT = dwarf;
				ENABLE_STRICT_OBJC_MSGSEND = YES;
				ENABLE_TESTABILITY = YES;
				GCC_C_LANGUAGE_STANDARD = gnu11;
				GCC_DYNAMIC_NO_PIC = NO;
				GCC_NO_COMMON_BLOCKS = YES;
				GCC_OPTIMIZATION_LEVEL = 0;
				GCC_PREPROCESSOR_DEFINITIONS = (
					"DEBUG=1",
					"$(inherited)",
				);
				GCC_WARN_64_TO_32_BIT_CONVERSION = YES;
				GCC_WARN_ABOUT_RETURN_TYPE = YES_ERROR;
				GCC_WARN_UNDECLARED_SELECTOR = YES;
				GCC_WARN_UNINITIALIZED_AUTOS = YES_AGGRESSIVE;
				GCC_WARN_UNUSED_FUNCTION = YES;
				GCC_WARN_UNUSED_VARIABLE = YES;
				IPHONEOS_DEPLOYMENT_TARGET = 13.0;
				MTL_ENABLE_DEBUG_INFO = INCLUDE_SOURCE;
				MTL_FAST_MATH = YES;
				ONLY_ACTIVE_ARCH = YES;
				SDKROOT = iphoneos;
				SWIFT_ACTIVE_COMPILATION_CONDITIONS = DEBUG;
				SWIFT_OPTIMIZATION_LEVEL = "-Onone";
			};
			name = Debug;
		};
		392BAB83295212590043F668 /* Release */ = {
			isa = XCBuildConfiguration;
			buildSettings = {
				ALWAYS_SEARCH_USER_PATHS = NO;
				CLANG_ANALYZER_NONNULL = YES;
				CLANG_ANALYZER_NUMBER_OBJECT_CONVERSION = YES_AGGRESSIVE;
				CLANG_CXX_LANGUAGE_STANDARD = "gnu++20";
				CLANG_ENABLE_MODULES = YES;
				CLANG_ENABLE_OBJC_ARC = YES;
				CLANG_ENABLE_OBJC_WEAK = YES;
				CLANG_WARN_BLOCK_CAPTURE_AUTORELEASING = YES;
				CLANG_WARN_BOOL_CONVERSION = YES;
				CLANG_WARN_COMMA = YES;
				CLANG_WARN_CONSTANT_CONVERSION = YES;
				CLANG_WARN_DEPRECATED_OBJC_IMPLEMENTATIONS = YES;
				CLANG_WARN_DIRECT_OBJC_ISA_USAGE = YES_ERROR;
				CLANG_WARN_DOCUMENTATION_COMMENTS = YES;
				CLANG_WARN_EMPTY_BODY = YES;
				CLANG_WARN_ENUM_CONVERSION = YES;
				CLANG_WARN_INFINITE_RECURSION = YES;
				CLANG_WARN_INT_CONVERSION = YES;
				CLANG_WARN_NON_LITERAL_NULL_CONVERSION = YES;
				CLANG_WARN_OBJC_IMPLICIT_RETAIN_SELF = YES;
				CLANG_WARN_OBJC_LITERAL_CONVERSION = YES;
				CLANG_WARN_OBJC_ROOT_CLASS = YES_ERROR;
				CLANG_WARN_QUOTED_INCLUDE_IN_FRAMEWORK_HEADER = YES;
				CLANG_WARN_RANGE_LOOP_ANALYSIS = YES;
				CLANG_WARN_STRICT_PROTOTYPES = YES;
				CLANG_WARN_SUSPICIOUS_MOVE = YES;
				CLANG_WARN_UNGUARDED_AVAILABILITY = YES_AGGRESSIVE;
				CLANG_WARN_UNREACHABLE_CODE = YES;
				CLANG_WARN__DUPLICATE_METHOD_MATCH = YES;
				COPY_PHASE_STRIP = NO;
				DEBUG_INFORMATION_FORMAT = "dwarf-with-dsym";
				ENABLE_NS_ASSERTIONS = NO;
				ENABLE_STRICT_OBJC_MSGSEND = YES;
				GCC_C_LANGUAGE_STANDARD = gnu11;
				GCC_NO_COMMON_BLOCKS = YES;
				GCC_WARN_64_TO_32_BIT_CONVERSION = YES;
				GCC_WARN_ABOUT_RETURN_TYPE = YES_ERROR;
				GCC_WARN_UNDECLARED_SELECTOR = YES;
				GCC_WARN_UNINITIALIZED_AUTOS = YES_AGGRESSIVE;
				GCC_WARN_UNUSED_FUNCTION = YES;
				GCC_WARN_UNUSED_VARIABLE = YES;
				IPHONEOS_DEPLOYMENT_TARGET = 13.0;
				MTL_ENABLE_DEBUG_INFO = NO;
				MTL_FAST_MATH = YES;
				SDKROOT = iphoneos;
				SWIFT_COMPILATION_MODE = wholemodule;
				SWIFT_OPTIMIZATION_LEVEL = "-O";
				VALIDATE_PRODUCT = YES;
			};
			name = Release;
		};
		392BAB85295212590043F668 /* Debug */ = {
			isa = XCBuildConfiguration;
			buildSettings = {
				ASSETCATALOG_COMPILER_APPICON_NAME = AppIcon;
				ASSETCATALOG_COMPILER_GLOBAL_ACCENT_COLOR_NAME = AccentColor;
				CODE_SIGN_STYLE = Automatic;
				CURRENT_PROJECT_VERSION = 1;
				GENERATE_INFOPLIST_FILE = YES;
				INFOPLIST_FILE = SadaPayHomeAssignment/Info.plist;
				INFOPLIST_KEY_UIApplicationSupportsIndirectInputEvents = YES;
				INFOPLIST_KEY_UILaunchStoryboardName = LaunchScreen;
				INFOPLIST_KEY_UISupportedInterfaceOrientations_iPad = "UIInterfaceOrientationPortrait UIInterfaceOrientationPortraitUpsideDown UIInterfaceOrientationLandscapeLeft UIInterfaceOrientationLandscapeRight";
				INFOPLIST_KEY_UISupportedInterfaceOrientations_iPhone = "UIInterfaceOrientationPortrait UIInterfaceOrientationLandscapeLeft UIInterfaceOrientationLandscapeRight";
				IPHONEOS_DEPLOYMENT_TARGET = 13;
				LD_RUNPATH_SEARCH_PATHS = (
					"$(inherited)",
					"@executable_path/Frameworks",
				);
				MARKETING_VERSION = 1.0;
				PRODUCT_BUNDLE_IDENTIFIER = com.junaid.SadaPayHomeAssignment;
				PRODUCT_NAME = "$(TARGET_NAME)";
				SUPPORTED_PLATFORMS = "iphoneos iphonesimulator";
				SUPPORTS_MACCATALYST = NO;
				SUPPORTS_MAC_DESIGNED_FOR_IPHONE_IPAD = NO;
				SWIFT_EMIT_LOC_STRINGS = YES;
				SWIFT_VERSION = 5.0;
				TARGETED_DEVICE_FAMILY = 1;
			};
			name = Debug;
		};
		392BAB86295212590043F668 /* Release */ = {
			isa = XCBuildConfiguration;
			buildSettings = {
				ASSETCATALOG_COMPILER_APPICON_NAME = AppIcon;
				ASSETCATALOG_COMPILER_GLOBAL_ACCENT_COLOR_NAME = AccentColor;
				CODE_SIGN_STYLE = Automatic;
				CURRENT_PROJECT_VERSION = 1;
				GENERATE_INFOPLIST_FILE = YES;
				INFOPLIST_FILE = SadaPayHomeAssignment/Info.plist;
				INFOPLIST_KEY_UIApplicationSupportsIndirectInputEvents = YES;
				INFOPLIST_KEY_UILaunchStoryboardName = LaunchScreen;
				INFOPLIST_KEY_UISupportedInterfaceOrientations_iPad = "UIInterfaceOrientationPortrait UIInterfaceOrientationPortraitUpsideDown UIInterfaceOrientationLandscapeLeft UIInterfaceOrientationLandscapeRight";
				INFOPLIST_KEY_UISupportedInterfaceOrientations_iPhone = "UIInterfaceOrientationPortrait UIInterfaceOrientationLandscapeLeft UIInterfaceOrientationLandscapeRight";
				IPHONEOS_DEPLOYMENT_TARGET = 13;
				LD_RUNPATH_SEARCH_PATHS = (
					"$(inherited)",
					"@executable_path/Frameworks",
				);
				MARKETING_VERSION = 1.0;
				PRODUCT_BUNDLE_IDENTIFIER = com.junaid.SadaPayHomeAssignment;
				PRODUCT_NAME = "$(TARGET_NAME)";
				SUPPORTED_PLATFORMS = "iphoneos iphonesimulator";
				SUPPORTS_MACCATALYST = NO;
				SUPPORTS_MAC_DESIGNED_FOR_IPHONE_IPAD = NO;
				SWIFT_EMIT_LOC_STRINGS = YES;
				SWIFT_VERSION = 5.0;
				TARGETED_DEVICE_FAMILY = 1;
			};
			name = Release;
		};
		39B0E462295253E000006043 /* Debug */ = {
			isa = XCBuildConfiguration;
			buildSettings = {
				BUNDLE_LOADER = "$(TEST_HOST)";
				CLANG_ENABLE_MODULES = YES;
				CODE_SIGN_STYLE = Automatic;
				CURRENT_PROJECT_VERSION = 1;
				GENERATE_INFOPLIST_FILE = YES;
				IPHONEOS_DEPLOYMENT_TARGET = 16.2;
				LD_RUNPATH_SEARCH_PATHS = (
					"$(inherited)",
					"@executable_path/Frameworks",
					"@loader_path/Frameworks",
				);
				MARKETING_VERSION = 1.0;
				PRODUCT_BUNDLE_IDENTIFIER = com.junaid.SadaPayHomeAssignmentTests;
				PRODUCT_NAME = "$(TARGET_NAME)";
				SWIFT_EMIT_LOC_STRINGS = NO;
				SWIFT_OPTIMIZATION_LEVEL = "-Onone";
				SWIFT_VERSION = 5.0;
				TARGETED_DEVICE_FAMILY = "1,2";
				TEST_HOST = "$(BUILT_PRODUCTS_DIR)/SadaPayHomeAssignment.app/$(BUNDLE_EXECUTABLE_FOLDER_PATH)/SadaPayHomeAssignment";
			};
			name = Debug;
		};
		39B0E463295253E000006043 /* Release */ = {
			isa = XCBuildConfiguration;
			buildSettings = {
				BUNDLE_LOADER = "$(TEST_HOST)";
				CLANG_ENABLE_MODULES = YES;
				CODE_SIGN_STYLE = Automatic;
				CURRENT_PROJECT_VERSION = 1;
				GENERATE_INFOPLIST_FILE = YES;
				IPHONEOS_DEPLOYMENT_TARGET = 16.2;
				LD_RUNPATH_SEARCH_PATHS = (
					"$(inherited)",
					"@executable_path/Frameworks",
					"@loader_path/Frameworks",
				);
				MARKETING_VERSION = 1.0;
				PRODUCT_BUNDLE_IDENTIFIER = com.junaid.SadaPayHomeAssignmentTests;
				PRODUCT_NAME = "$(TARGET_NAME)";
				SWIFT_EMIT_LOC_STRINGS = NO;
				SWIFT_VERSION = 5.0;
				TARGETED_DEVICE_FAMILY = "1,2";
				TEST_HOST = "$(BUILT_PRODUCTS_DIR)/SadaPayHomeAssignment.app/$(BUNDLE_EXECUTABLE_FOLDER_PATH)/SadaPayHomeAssignment";
			};
			name = Release;
		};
/* End XCBuildConfiguration section */

/* Begin XCConfigurationList section */
		392BAB55295212560043F668 /* Build configuration list for PBXProject "SadaPayHomeAssignment" */ = {
			isa = XCConfigurationList;
			buildConfigurations = (
				392BAB82295212590043F668 /* Debug */,
				392BAB83295212590043F668 /* Release */,
			);
			defaultConfigurationIsVisible = 0;
			defaultConfigurationName = Release;
		};
		392BAB84295212590043F668 /* Build configuration list for PBXNativeTarget "SadaPayHomeAssignment" */ = {
			isa = XCConfigurationList;
			buildConfigurations = (
				392BAB85295212590043F668 /* Debug */,
				392BAB86295212590043F668 /* Release */,
			);
			defaultConfigurationIsVisible = 0;
			defaultConfigurationName = Release;
		};
		39B0E461295253E000006043 /* Build configuration list for PBXNativeTarget "SadaPayHomeAssignmentTests" */ = {
			isa = XCConfigurationList;
			buildConfigurations = (
				39B0E462295253E000006043 /* Debug */,
				39B0E463295253E000006043 /* Release */,
			);
			defaultConfigurationIsVisible = 0;
			defaultConfigurationName = Release;
		};
/* End XCConfigurationList section */

/* Begin XCRemoteSwiftPackageReference section */
		392BAB8E2952163F0043F668 /* XCRemoteSwiftPackageReference "lottie-ios" */ = {
			isa = XCRemoteSwiftPackageReference;
			repositoryURL = "https://github.com/airbnb/lottie-ios.git";
			requirement = {
				branch = master;
				kind = branch;
			};
		};
		392BAB91295216950043F668 /* XCRemoteSwiftPackageReference "SkeletonView" */ = {
			isa = XCRemoteSwiftPackageReference;
			repositoryURL = "https://github.com/Juanpe/SkeletonView.git";
			requirement = {
				branch = main;
				kind = branch;
			};
		};
		392BAB942952172B0043F668 /* XCRemoteSwiftPackageReference "Kingfisher" */ = {
			isa = XCRemoteSwiftPackageReference;
			repositoryURL = "https://github.com/onevcat/Kingfisher.git";
			requirement = {
				branch = master;
				kind = branch;
			};
		};
/* End XCRemoteSwiftPackageReference section */

/* Begin XCSwiftPackageProductDependency section */
		392BAB8F2952163F0043F668 /* Lottie */ = {
			isa = XCSwiftPackageProductDependency;
			package = 392BAB8E2952163F0043F668 /* XCRemoteSwiftPackageReference "lottie-ios" */;
			productName = Lottie;
		};
		392BAB92295216950043F668 /* SkeletonView */ = {
			isa = XCSwiftPackageProductDependency;
			package = 392BAB91295216950043F668 /* XCRemoteSwiftPackageReference "SkeletonView" */;
			productName = SkeletonView;
		};
		392BAB952952172B0043F668 /* Kingfisher */ = {
			isa = XCSwiftPackageProductDependency;
			package = 392BAB942952172B0043F668 /* XCRemoteSwiftPackageReference "Kingfisher" */;
			productName = Kingfisher;
		};
/* End XCSwiftPackageProductDependency section */
	};
	rootObject = 392BAB52295212560043F668 /* Project object */;
}
